
Microsoft Visual Studio Solution File, Format Version 12.00
# Visual Studio 15
VisualStudioVersion = 15.0.28307.645
MinimumVisualStudioVersion = 10.0.40219.1
Project("{FAE04EC0-301F-11D3-BF4B-00C04F79EFBC}") = "ListBox", "ListBox\ListBox.csproj", "{B988C27C-AFF1-4AEE-93A5-BF59E0EEE221}"
EndProject
Global
	GlobalSection(SolutionConfigurationPlatforms) = preSolution
		Debug|Any CPU = Debug|Any CPU
		Release|Any CPU = Release|Any CPU
	EndGlobalSection
	GlobalSection(ProjectConfigurationPlatforms) = postSolution
		{B988C27C-AFF1-4AEE-93A5-BF59E0EEE221}.Debug|Any CPU.ActiveCfg = Debug|Any CPU
		{B988C27C-AFF1-4AEE-93A5-BF59E0EEE221}.Debug|Any CPU.Build.0 = Debug|Any CPU
		{B988C27C-AFF1-4AEE-93A5-BF59E0EEE221}.Release|Any CPU.ActiveCfg = Release|Any CPU
		{B988C27C-AFF1-4AEE-93A5-BF59E0EEE221}.Release|Any CPU.Build.0 = Release|Any CPU
	EndGlobalSection
	GlobalSection(SolutionProperties) = preSolution
		HideSolutionNode = FALSE
	EndGlobalSection
	GlobalSection(ExtensibilityGlobals) = postSolution
		SolutionGuid = {00F336DC-9CAD-4AA8-99E6-43BCF7066408}
	EndGlobalSection
EndGlobal
